
Microsoft Visual Studio Solution File, Format Version 12.00
# Visual Studio Version 16
VisualStudioVersion = 16.0.32929.386
MinimumVisualStudioVersion = 10.0.40219.1
Project("{FAE04EC0-301F-11D3-BF4B-00C04F79EFBC}") = "MazeProject", "MazeProject\MazeProject.csproj", "{C9B5BECC-1961-4DD1-B56D-C76912977B2E}"
EndProject
Global
	GlobalSection(SolutionConfigurationPlatforms) = preSolution
		Debug|Any CPU = Debug|Any CPU
		Release|Any CPU = Release|Any CPU
	EndGlobalSection
	GlobalSection(ProjectConfigurationPlatforms) = postSolution
		{C9B5BECC-1961-4DD1-B56D-C76912977B2E}.Debug|Any CPU.ActiveCfg = Debug|Any CPU
		{C9B5BECC-1961-4DD1-B56D-C76912977B2E}.Debug|Any CPU.Build.0 = Debug|Any CPU
		{C9B5BECC-1961-4DD1-B56D-C76912977B2E}.Release|Any CPU.ActiveCfg = Release|Any CPU
		{C9B5BECC-1961-4DD1-B56D-C76912977B2E}.Release|Any CPU.Build.0 = Release|Any CPU
	EndGlobalSection
	GlobalSection(SolutionProperties) = preSolution
		HideSolutionNode = FALSE
	EndGlobalSection
	GlobalSection(ExtensibilityGlobals) = postSolution
		SolutionGuid = {331A0AE8-E14C-4FBA-8436-09360A4EF2DC}
	EndGlobalSection
EndGlobal
